// !$*UTF8*$!
{
	archiveVersion = 1;
	classes = {
	};
	objectVersion = 46;
	objects = {

/* Begin PBXBuildFile section */
		8BE755771439885000722E31 /* plugin.cc in Sources */ = {isa = PBXBuildFile; fileRef = 8BE755751439885000722E31 /* plugin.cc */; };
		8BE7557A1439889C00722E31 /* Game.dylib in CopyFiles */ = {isa = PBXBuildFile; fileRef = 8BE7556614397F3500722E31 /* Game.dylib */; };
		8BE7557B1439938200722E31 /* libMCore.a in Frameworks */ = {isa = PBXBuildFile; fileRef = 8BE7556C14397FAC00722E31 /* libMCore.a */; };
		8BE7557C1439938400722E31 /* libMEngine.a in Frameworks */ = {isa = PBXBuildFile; fileRef = 8BE7556A14397FAA00722E31 /* libMEngine.a */; };
/* End PBXBuildFile section */

/* Begin PBXCopyFilesBuildPhase section */
		8BE755791439889300722E31 /* CopyFiles */ = {
			isa = PBXCopyFilesBuildPhase;
			buildActionMask = 2147483647;
			dstPath = "${SRCROOT}/../../../project";
			dstSubfolderSpec = 0;
			files = (
				8BE7557A1439889C00722E31 /* Game.dylib in CopyFiles */,
			);
			runOnlyForDeploymentPostprocessing = 0;
		};
/* End PBXCopyFilesBuildPhase section */

/* Begin PBXFileReference section */
		8BE7556614397F3500722E31 /* Game.dylib */ = {isa = PBXFileReference; explicitFileType = "compiled.mach-o.dylib"; includeInIndex = 0; path = Game.dylib; sourceTree = BUILT_PRODUCTS_DIR; };
		8BE7556A14397FAA00722E31 /* libMEngine.a */ = {isa = PBXFileReference; lastKnownFileType = archive.ar; name = libMEngine.a; path = "../../../../../../Library/Developer/Xcode/DerivedData/NewtWorkspace-etdqfltfpjyrlthkehdpernczidb/Build/Products/Debug/libMEngine.a"; sourceTree = "<group>"; };
		8BE7556C14397FAC00722E31 /* libMCore.a */ = {isa = PBXFileReference; lastKnownFileType = archive.ar; name = libMCore.a; path = "../../../../../../Library/Developer/Xcode/DerivedData/NewtWorkspace-etdqfltfpjyrlthkehdpernczidb/Build/Products/Debug/libMCore.a"; sourceTree = "<group>"; };
		8BE755751439885000722E31 /* plugin.cc */ = {isa = PBXFileReference; fileEncoding = 4; lastKnownFileType = sourcecode.cpp.cpp; name = plugin.cc; path = ../../../src/plugin.cc; sourceTree = "<group>"; };
		8BE755761439885000722E31 /* plugin.h */ = {isa = PBXFileReference; fileEncoding = 4; lastKnownFileType = sourcecode.c.h; name = plugin.h; path = ../../../src/plugin.h; sourceTree = "<group>"; };
/* End PBXFileReference section */

/* Begin PBXFrameworksBuildPhase section */
		8BE7556314397F3500722E31 /* Frameworks */ = {
			isa = PBXFrameworksBuildPhase;
			buildActionMask = 2147483647;
			files = (
				8BE7557C1439938400722E31 /* libMEngine.a in Frameworks */,
				8BE7557B1439938200722E31 /* libMCore.a in Frameworks */,
			);
			runOnlyForDeploymentPostprocessing = 0;
		};
/* End PBXFrameworksBuildPhase section */

/* Begin PBXGroup section */
		8BE7552214396AA100722E31 = {
			isa = PBXGroup;
			children = (
				8BE7552B14396AEC00722E31 /* Source */,
				8BE7553B1439709F00722E31 /* Frameworks */,
				8BE755341439700700722E31 /* Products */,
			);
			sourceTree = "<group>";
		};
		8BE7552B14396AEC00722E31 /* Source */ = {
			isa = PBXGroup;
			children = (
				8BE755751439885000722E31 /* plugin.cc */,
				8BE755761439885000722E31 /* plugin.h */,
			);
			name = Source;
			sourceTree = "<group>";
		};
		8BE755341439700700722E31 /* Products */ = {
			isa = PBXGroup;
			children = (
				8BE7556614397F3500722E31 /* Game.dylib */,
			);
			name = Products;
			sourceTree = "<group>";
		};
		8BE7553B1439709F00722E31 /* Frameworks */ = {
			isa = PBXGroup;
			children = (
				8BE7556C14397FAC00722E31 /* libMCore.a */,
				8BE7556A14397FAA00722E31 /* libMEngine.a */,
			);
			name = Frameworks;
			sourceTree = "<group>";
		};
/* End PBXGroup section */

/* Begin PBXNativeTarget section */
		8BE7556514397F3500722E31 /* Game */ = {
			isa = PBXNativeTarget;
			buildConfigurationList = 8BE7556714397F3500722E31 /* Build configuration list for PBXNativeTarget "Game" */;
			buildPhases = (
				8BE7556214397F3500722E31 /* Sources */,
				8BE7556314397F3500722E31 /* Frameworks */,
				8BE755791439889300722E31 /* CopyFiles */,
			);
			buildRules = (
			);
			dependencies = (
			);
			name = Game;
			productName = Game;
			productReference = 8BE7556614397F3500722E31 /* Game.dylib */;
			productType = "com.apple.product-type.library.dynamic";
		};
/* End PBXNativeTarget section */

/* Begin PBXProject section */
		8BE7552414396AA100722E31 /* Project object */ = {
			isa = PBXProject;
			attributes = {
				ORGANIZATIONNAME = "OnLive, Inc";
			};
			buildConfigurationList = 8BE7552714396AA100722E31 /* Build configuration list for PBXProject "Newt" */;
			compatibilityVersion = "Xcode 3.2";
			developmentRegion = English;
			hasScannedForEncodings = 0;
			knownRegions = (
				en,
			);
			mainGroup = 8BE7552214396AA100722E31;
			productRefGroup = 8BE755341439700700722E31 /* Products */;
			projectDirPath = "";
			projectRoot = "";
			targets = (
				8BE7556514397F3500722E31 /* Game */,
			);
		};
/* End PBXProject section */

/* Begin PBXSourcesBuildPhase section */
		8BE7556214397F3500722E31 /* Sources */ = {
			isa = PBXSourcesBuildPhase;
			buildActionMask = 2147483647;
			files = (
				8BE755771439885000722E31 /* plugin.cc in Sources */,
			);
			runOnlyForDeploymentPostprocessing = 0;
		};
/* End PBXSourcesBuildPhase section */

/* Begin XCBuildConfiguration section */
		8BE7552914396AA200722E31 /* Debug */ = {
			isa = XCBuildConfiguration;
			buildSettings = {
			};
			name = Debug;
		};
		8BE7552A14396AA200722E31 /* Release */ = {
			isa = XCBuildConfiguration;
			buildSettings = {
			};
			name = Release;
		};
		8BE7556814397F3500722E31 /* Debug */ = {
			isa = XCBuildConfiguration;
			buildSettings = {
				ALWAYS_SEARCH_USER_PATHS = NO;
				ARCHS = "$(ARCHS_STANDARD_64_BIT)";
				COPY_PHASE_STRIP = NO;
				EXECUTABLE_PREFIX = "";
				GCC_C_LANGUAGE_STANDARD = gnu99;
				GCC_DYNAMIC_NO_PIC = NO;
				GCC_ENABLE_OBJC_EXCEPTIONS = YES;
				GCC_OPTIMIZATION_LEVEL = 0;
				GCC_PREPROCESSOR_DEFINITIONS = (
					"DEBUG=1",
					"$(inherited)",
				);
				GCC_SYMBOLS_PRIVATE_EXTERN = NO;
				GCC_VERSION = com.apple.compilers.llvm.clang.1_0;
				GCC_WARN_64_TO_32_BIT_CONVERSION = YES;
				GCC_WARN_ABOUT_MISSING_PROTOTYPES = YES;
				GCC_WARN_ABOUT_RETURN_TYPE = YES;
				GCC_WARN_UNUSED_VARIABLE = YES;
				HEADER_SEARCH_PATHS = (
					"${SRCROOT}/../../../3rdparty/maratis-dev/MSDK/MCore/Includes",
					"${SRCROOT}/../../../3rdparty/maratis-dev/MSDK/MEngine/Includes",
				);
				LIBRARY_SEARCH_PATHS = (
					"$(inherited)",
					"\"$(SRCROOT)/../../../../../../Library/Developer/Xcode/DerivedData/NewtWorkspace-etdqfltfpjyrlthkehdpernczidb/Build/Products/Debug\"",
				);
				MACOSX_DEPLOYMENT_TARGET = 10.7;
				ONLY_ACTIVE_ARCH = YES;
				PRODUCT_NAME = "$(TARGET_NAME)";
				SDKROOT = macosx;
			};
			name = Debug;
		};
		8BE7556914397F3500722E31 /* Release */ = {
			isa = XCBuildConfiguration;
			buildSettings = {
				ALWAYS_SEARCH_USER_PATHS = NO;
				ARCHS = "$(ARCHS_STANDARD_64_BIT)";
				COPY_PHASE_STRIP = YES;
				DEBUG_INFORMATION_FORMAT = "dwarf-with-dsym";
				EXECUTABLE_PREFIX = "";
				GCC_C_LANGUAGE_STANDARD = gnu99;
				GCC_ENABLE_OBJC_EXCEPTIONS = YES;
				GCC_VERSION = com.apple.compilers.llvm.clang.1_0;
				GCC_WARN_64_TO_32_BIT_CONVERSION = YES;
				GCC_WARN_ABOUT_MISSING_PROTOTYPES = YES;
				GCC_WARN_ABOUT_RETURN_TYPE = YES;
				GCC_WARN_UNUSED_VARIABLE = YES;
				HEADER_SEARCH_PATHS = (
					"${SRCROOT}/../../../3rdparty/maratis-dev/MSDK/MCore/Includes",
					"${SRCROOT}/../../../3rdparty/maratis-dev/MSDK/MEngine/Includes",
				);
				LIBRARY_SEARCH_PATHS = (
					"$(inherited)",
					"\"$(SRCROOT)/../../../../../../Library/Developer/Xcode/DerivedData/NewtWorkspace-etdqfltfpjyrlthkehdpernczidb/Build/Products/Debug\"",
				);
				MACOSX_DEPLOYMENT_TARGET = 10.7;
				PRODUCT_NAME = "$(TARGET_NAME)";
				SDKROOT = macosx;
			};
			name = Release;
		};
/* End XCBuildConfiguration section */

/* Begin XCConfigurationList section */
		8BE7552714396AA100722E31 /* Build configuration list for PBXProject "Newt" */ = {
			isa = XCConfigurationList;
			buildConfigurations = (
				8BE7552914396AA200722E31 /* Debug */,
				8BE7552A14396AA200722E31 /* Release */,
			);
			defaultConfigurationIsVisible = 0;
			defaultConfigurationName = Release;
		};
		8BE7556714397F3500722E31 /* Build configuration list for PBXNativeTarget "Game" */ = {
			isa = XCConfigurationList;
			buildConfigurations = (
				8BE7556814397F3500722E31 /* Debug */,
				8BE7556914397F3500722E31 /* Release */,
			);
			defaultConfigurationIsVisible = 0;
		};
/* End XCConfigurationList section */
	};
	rootObject = 8BE7552414396AA100722E31 /* Project object */;
}
